<?xml version="1.0" encoding="UTF-8" standalone="yes" ?>
<CodeBlocks_project_file>
	<FileVersion major="1" minor="6" />
	<Project>
		<Option title="imageProcessing" />
		<Option pch_mode="2" />
		<Option compiler="gcc" />
		<Build>
			<Target title="Debug">
				<Option output="bin\Debug\imageProcessing" prefix_auto="1" extension_auto="1" />
				<Option object_output="obj\Debug\" />
				<Option type="1" />
				<Option compiler="gcc" />
				<Compiler>
					<Add option="-g" />
				</Compiler>
			</Target>
			<Target title="Release">
				<Option output="bin\Release\imageProcessing" prefix_auto="1" extension_auto="1" />
				<Option object_output="obj\Release\" />
				<Option type="1" />
				<Option compiler="gcc" />
				<Compiler>
					<Add option="-O2" />
				</Compiler>
				<Linker>
					<Add option="-s" />
				</Linker>
			</Target>
		</Build>
		<Compiler>
			<Add option="-Wall" />
			<Add option="-fexceptions" />
		</Compiler>
		<Unit filename="brightening.cpp" />
		<Unit filename="edgeDetection.cpp" />
		<Unit filename="greyScale.cpp" />
		<Unit filename="halftoning.cpp" />
		<Unit filename="header.h" />
		<Unit filename="imageBlur.cpp" />
		<Unit filename="main.cpp" />
		<Unit filename="noiseGeneration.cpp" />
		<Unit filename="sharpening.cpp" />
		<Unit filename="showMainMenu.cpp" />
		<Unit filename="smoothing.cpp" />
		<Unit filename="viewImage.cpp" />
		<Unit filename="viewOptions.cpp" />
		<Unit filename="writeImage.cpp" />
		<Extensions>
			<code_completion />
			<envvars />
			<debugger />
		</Extensions>
	</Project>
</CodeBlocks_project_file>
